
Microsoft Visual Studio Solution File, Format Version 12.00
# Visual Studio Version 16
VisualStudioVersion = 16.0.30413.136
MinimumVisualStudioVersion = 10.0.40219.1
Project("{FAE04EC0-301F-11D3-BF4B-00C04F79EFBC}") = "JamilShop", "JamilShop\JamilShop.csproj", "{95220B22-B95E-4293-BE32-7CF92A4D8187}"
EndProject
Global
	GlobalSection(SolutionConfigurationPlatforms) = preSolution
		Debug|Any CPU = Debug|Any CPU
		Release|Any CPU = Release|Any CPU
	EndGlobalSection
	GlobalSection(ProjectConfigurationPlatforms) = postSolution
		{95220B22-B95E-4293-BE32-7CF92A4D8187}.Debug|Any CPU.ActiveCfg = Debug|Any CPU
		{95220B22-B95E-4293-BE32-7CF92A4D8187}.Debug|Any CPU.Build.0 = Debug|Any CPU
		{95220B22-B95E-4293-BE32-7CF92A4D8187}.Release|Any CPU.ActiveCfg = Release|Any CPU
		{95220B22-B95E-4293-BE32-7CF92A4D8187}.Release|Any CPU.Build.0 = Release|Any CPU
	EndGlobalSection
	GlobalSection(SolutionProperties) = preSolution
		HideSolutionNode = FALSE
	EndGlobalSection
	GlobalSection(ExtensibilityGlobals) = postSolution
		SolutionGuid = {53748ADA-9BAC-462B-B022-848A1F5C2797}
	EndGlobalSection
EndGlobal
