
Microsoft Visual Studio Solution File, Format Version 12.00
# Visual Studio Version 16
VisualStudioVersion = 16.0.30503.244
MinimumVisualStudioVersion = 10.0.40219.1
Project("{FAE04EC0-301F-11D3-BF4B-00C04F79EFBC}") = "JamilDropbox", "JamilDropbox\JamilDropbox.csproj", "{683DF7F0-0165-4476-96E1-0F64C194FF48}"
EndProject
Global
	GlobalSection(SolutionConfigurationPlatforms) = preSolution
		Debug|Any CPU = Debug|Any CPU
		Release|Any CPU = Release|Any CPU
	EndGlobalSection
	GlobalSection(ProjectConfigurationPlatforms) = postSolution
		{683DF7F0-0165-4476-96E1-0F64C194FF48}.Debug|Any CPU.ActiveCfg = Debug|Any CPU
		{683DF7F0-0165-4476-96E1-0F64C194FF48}.Debug|Any CPU.Build.0 = Debug|Any CPU
		{683DF7F0-0165-4476-96E1-0F64C194FF48}.Release|Any CPU.ActiveCfg = Release|Any CPU
		{683DF7F0-0165-4476-96E1-0F64C194FF48}.Release|Any CPU.Build.0 = Release|Any CPU
	EndGlobalSection
	GlobalSection(SolutionProperties) = preSolution
		HideSolutionNode = FALSE
	EndGlobalSection
	GlobalSection(ExtensibilityGlobals) = postSolution
		SolutionGuid = {DB4F1CC7-9A03-4D36-9C07-A696024B754B}
	EndGlobalSection
EndGlobal
