
Microsoft Visual Studio Solution File, Format Version 12.00
# Visual Studio Version 16
VisualStudioVersion = 16.0.30413.136
MinimumVisualStudioVersion = 10.0.40219.1
Project("{FAE04EC0-301F-11D3-BF4B-00C04F79EFBC}") = "WebRequestGetExample", "WebRequestGetExample\WebRequestGetExample.csproj", "{BDA63FF4-C026-43D3-AE4C-9EF4B7D64015}"
EndProject
Project("{FAE04EC0-301F-11D3-BF4B-00C04F79EFBC}") = "postdata", "postdata\postdata.csproj", "{10757E57-BEA5-4294-A9C5-09DE81C2FEC5}"
EndProject
Global
	GlobalSection(SolutionConfigurationPlatforms) = preSolution
		Debug|Any CPU = Debug|Any CPU
		Release|Any CPU = Release|Any CPU
	EndGlobalSection
	GlobalSection(ProjectConfigurationPlatforms) = postSolution
		{BDA63FF4-C026-43D3-AE4C-9EF4B7D64015}.Debug|Any CPU.ActiveCfg = Debug|Any CPU
		{BDA63FF4-C026-43D3-AE4C-9EF4B7D64015}.Debug|Any CPU.Build.0 = Debug|Any CPU
		{BDA63FF4-C026-43D3-AE4C-9EF4B7D64015}.Release|Any CPU.ActiveCfg = Release|Any CPU
		{BDA63FF4-C026-43D3-AE4C-9EF4B7D64015}.Release|Any CPU.Build.0 = Release|Any CPU
		{10757E57-BEA5-4294-A9C5-09DE81C2FEC5}.Debug|Any CPU.ActiveCfg = Debug|Any CPU
		{10757E57-BEA5-4294-A9C5-09DE81C2FEC5}.Debug|Any CPU.Build.0 = Debug|Any CPU
		{10757E57-BEA5-4294-A9C5-09DE81C2FEC5}.Release|Any CPU.ActiveCfg = Release|Any CPU
		{10757E57-BEA5-4294-A9C5-09DE81C2FEC5}.Release|Any CPU.Build.0 = Release|Any CPU
	EndGlobalSection
	GlobalSection(SolutionProperties) = preSolution
		HideSolutionNode = FALSE
	EndGlobalSection
	GlobalSection(ExtensibilityGlobals) = postSolution
		SolutionGuid = {132DE4A4-1398-4C29-B96F-92217E05E4C0}
	EndGlobalSection
EndGlobal
